
Microsoft Visual Studio Solution File, Format Version 12.00
# Visual Studio Version 17
VisualStudioVersion = 17.9.34622.214
MinimumVisualStudioVersion = 10.0.40219.1
Project("{FAE04EC0-301F-11D3-BF4B-00C04F79EFBC}") = "Assignment05", "Assignment05\Assignment05.csproj", "{F61D0799-FD85-4F96-B337-971E55D359FD}"
EndProject
Project("{FAE04EC0-301F-11D3-BF4B-00C04F79EFBC}") = "Demo", "Demo\Demo.csproj", "{F65F30AC-84C4-4068-897E-041AC24E4973}"
EndProject
Global
	GlobalSection(SolutionConfigurationPlatforms) = preSolution
		Debug|Any CPU = Debug|Any CPU
		Release|Any CPU = Release|Any CPU
	EndGlobalSection
	GlobalSection(ProjectConfigurationPlatforms) = postSolution
		{F61D0799-FD85-4F96-B337-971E55D359FD}.Debug|Any CPU.ActiveCfg = Debug|Any CPU
		{F61D0799-FD85-4F96-B337-971E55D359FD}.Debug|Any CPU.Build.0 = Debug|Any CPU
		{F61D0799-FD85-4F96-B337-971E55D359FD}.Release|Any CPU.ActiveCfg = Release|Any CPU
		{F61D0799-FD85-4F96-B337-971E55D359FD}.Release|Any CPU.Build.0 = Release|Any CPU
		{F65F30AC-84C4-4068-897E-041AC24E4973}.Debug|Any CPU.ActiveCfg = Debug|Any CPU
		{F65F30AC-84C4-4068-897E-041AC24E4973}.Debug|Any CPU.Build.0 = Debug|Any CPU
		{F65F30AC-84C4-4068-897E-041AC24E4973}.Release|Any CPU.ActiveCfg = Release|Any CPU
		{F65F30AC-84C4-4068-897E-041AC24E4973}.Release|Any CPU.Build.0 = Release|Any CPU
	EndGlobalSection
	GlobalSection(SolutionProperties) = preSolution
		HideSolutionNode = FALSE
	EndGlobalSection
	GlobalSection(ExtensibilityGlobals) = postSolution
		SolutionGuid = {FF85D9AA-6032-4420-9101-DE5A672BE5BC}
	EndGlobalSection
EndGlobal
